<?xml version="1.0" encoding="utf-8"?>
<Project ToolsVersion="4.0" xmlns="http://schemas.microsoft.com/developer/msbuild/2003">
  <ItemGroup>
    <Filter Include="src">
      <UniqueIdentifier>{e012a6d1-598c-46ef-9940-f9a333574872}</UniqueIdentifier>
    </Filter>
  </ItemGroup>
  <ItemGroup>
    <ClCompile Include="main.cpp" />
    <ClCompile Include="src\crc_semaphore.cpp">
      <Filter>src</Filter>
    </ClCompile>
    <ClCompile Include="src\crc_task.cpp">
      <Filter>src</Filter>
    </ClCompile>
    <ClCompile Include="src\crc_thread.cpp">
      <Filter>src</Filter>
    </ClCompile>
    <ClCompile Include="src\crc_scanfile_threads.cpp">
      <Filter>src</Filter>
    </ClCompile>
    <ClCompile Include="monitor_dir.cpp" />
    <ClCompile Include="lock_dir.cpp" />
  </ItemGroup>
  <ItemGroup>
    <ClInclude Include="src\crc_config.h">
      <Filter>src</Filter>
    </ClInclude>
    <ClInclude Include="src\crc_log.h">
      <Filter>src</Filter>
    </ClInclude>
    <ClInclude Include="src\crc_semaphore.h">
      <Filter>src</Filter>
    </ClInclude>
    <ClInclude Include="src\crc_task.h">
      <Filter>src</Filter>
    </ClInclude>
    <ClInclude Include="src\crc_thread.h">
      <Filter>src</Filter>
    </ClInclude>
    <ClInclude Include="src\crc_scanfile_threads.h">
      <Filter>src</Filter>
    </ClInclude>
  </ItemGroup>
</Project>