<?xml version="1.0" encoding="utf-8"?>
<Project ToolsVersion="4.0" xmlns="http://schemas.microsoft.com/developer/msbuild/2003">
  <ItemGroup>
    <Filter Include="algorithm">
      <UniqueIdentifier>{ECB2EEC4-581D-A33B-A15B-54E10D058190}</UniqueIdentifier>
    </Filter>
    <Filter Include="algorithm\DP">
      <UniqueIdentifier>{6FAC4B28-5B0F-DBCC-0495-1383F0D6A64F}</UniqueIdentifier>
    </Filter>
    <Filter Include="algorithm\b-tree">
      <UniqueIdentifier>{7A43DDC9-663C-FC1B-8F6E-E1A07BC6DB27}</UniqueIdentifier>
    </Filter>
    <Filter Include="common">
      <UniqueIdentifier>{AEFEE3F6-9AA0-0ECD-835B-22216F9C951D}</UniqueIdentifier>
    </Filter>
    <Filter Include="skill">
      <UniqueIdentifier>{A47B5C10-1090-84C1-D911-282145E580F2}</UniqueIdentifier>
    </Filter>
    <Filter Include="threadpool">
      <UniqueIdentifier>{18cc4c3a-89df-443a-a6b5-ca2ad7d064bb}</UniqueIdentifier>
    </Filter>
  </ItemGroup>
  <ItemGroup>
    <ClInclude Include="src\algorithm\DP\Solution.h">
      <Filter>algorithm\DP</Filter>
    </ClInclude>
    <ClInclude Include="src\algorithm\b-tree\BTree.h">
      <Filter>algorithm\b-tree</Filter>
    </ClInclude>
    <ClInclude Include="src\common\Base.h">
      <Filter>common</Filter>
    </ClInclude>
    <ClInclude Include="src\skill\Skill.h">
      <Filter>skill</Filter>
    </ClInclude>
    <ClInclude Include="..\dependence\tools\threadpool\CRCThreadPool.h">
      <Filter>threadpool</Filter>
    </ClInclude>
  </ItemGroup>
  <ItemGroup>
    <ClCompile Include="src\algorithm\DP\Solution.cpp">
      <Filter>algorithm\DP</Filter>
    </ClCompile>
    <ClCompile Include="src\algorithm\b-tree\BTree.cpp">
      <Filter>algorithm\b-tree</Filter>
    </ClCompile>
    <ClCompile Include="src\main.cpp" />
    <ClCompile Include="..\dependence\tools\threadpool\CRCThreadPool.cpp">
      <Filter>threadpool</Filter>
    </ClCompile>
  </ItemGroup>
</Project>